
Microsoft Visual Studio Solution File, Format Version 12.00
# Visual Studio 15
Project("{FAE04EC0-301F-11D3-BF4B-00C04F79EFBC}") = "Assembly-CSharp", "Assembly-CSharp.csproj", "{B5185891-6D25-559E-0540-AECAC3519A14}"
EndProject
Project("{FAE04EC0-301F-11D3-BF4B-00C04F79EFBC}") = "Unity.2D.Tilemap.Extras", "Unity.2D.Tilemap.Extras.csproj", "{FD41F0FE-7A19-0C60-CD20-3C7F4C82E9F6}"
EndProject
Project("{FAE04EC0-301F-11D3-BF4B-00C04F79EFBC}") = "Unity.2D.Tilemap.Extras.Editor", "Unity.2D.Tilemap.Extras.Editor.csproj", "{3CFC39EC-24AE-671C-2BC7-8BC8D86B898E}"
EndProject
Global
	GlobalSection(SolutionConfigurationPlatforms) = preSolution
		Debug|Any CPU = Debug|Any CPU
		Release|Any CPU = Release|Any CPU
	EndGlobalSection
	GlobalSection(ProjectConfigurationPlatforms) = postSolution
		{B5185891-6D25-559E-0540-AECAC3519A14}.Debug|Any CPU.ActiveCfg = Debug|Any CPU
		{B5185891-6D25-559E-0540-AECAC3519A14}.Debug|Any CPU.Build.0 = Debug|Any CPU
		{B5185891-6D25-559E-0540-AECAC3519A14}.Release|Any CPU.ActiveCfg = Release|Any CPU
		{B5185891-6D25-559E-0540-AECAC3519A14}.Release|Any CPU.Build.0 = Release|Any CPU
		{FD41F0FE-7A19-0C60-CD20-3C7F4C82E9F6}.Debug|Any CPU.ActiveCfg = Debug|Any CPU
		{FD41F0FE-7A19-0C60-CD20-3C7F4C82E9F6}.Debug|Any CPU.Build.0 = Debug|Any CPU
		{FD41F0FE-7A19-0C60-CD20-3C7F4C82E9F6}.Release|Any CPU.ActiveCfg = Release|Any CPU
		{FD41F0FE-7A19-0C60-CD20-3C7F4C82E9F6}.Release|Any CPU.Build.0 = Release|Any CPU
		{3CFC39EC-24AE-671C-2BC7-8BC8D86B898E}.Debug|Any CPU.ActiveCfg = Debug|Any CPU
		{3CFC39EC-24AE-671C-2BC7-8BC8D86B898E}.Debug|Any CPU.Build.0 = Debug|Any CPU
		{3CFC39EC-24AE-671C-2BC7-8BC8D86B898E}.Release|Any CPU.ActiveCfg = Release|Any CPU
		{3CFC39EC-24AE-671C-2BC7-8BC8D86B898E}.Release|Any CPU.Build.0 = Release|Any CPU
	EndGlobalSection
	GlobalSection(SolutionProperties) = preSolution
		HideSolutionNode = FALSE
	EndGlobalSection
EndGlobal
